# This file is generated by running "yarn install" inside your project.
# Manual changes might be lost - proceed with caution!

__metadata:
  version: 8
  cacheKey: 10c0

"@jahia/jahia-javascript-maven-plugin-minimal-test@workspace:.":
  version: 0.0.0-use.local
  resolution: "@jahia/jahia-javascript-maven-plugin-minimal-test@workspace:."
  languageName: unknown
  linkType: soft
